// !$*UTF8*$!
{
	archiveVersion = 1;
	classes = {
	};
	objectVersion = 52;
	objects = {

/* Begin PBXBuildFile section */
		DE24E2FA045EAC78814F2379 /* Pods_ChatApp.framework in Frameworks */ = {isa = PBXBuildFile; fileRef = 6814806494D46628A9A84C43 /* Pods_ChatApp.framework */; };
		ED06D0E5234B39DB007AC3BF /* Storyboarded.swift in Sources */ = {isa = PBXBuildFile; fileRef = ED06D0E4234B39DB007AC3BF /* Storyboarded.swift */; };
		ED0ACF33236935F2003CB440 /* LeftChatImageTableViewCell.swift in Sources */ = {isa = PBXBuildFile; fileRef = ED0ACF31236935F2003CB440 /* LeftChatImageTableViewCell.swift */; };
		ED0ACF34236935F2003CB440 /* LeftChatImageTableViewCell.xib in Resources */ = {isa = PBXBuildFile; fileRef = ED0ACF32236935F2003CB440 /* LeftChatImageTableViewCell.xib */; };
		ED0ACF392369364A003CB440 /* RightChatImageTableViewCell.swift in Sources */ = {isa = PBXBuildFile; fileRef = ED0ACF372369364A003CB440 /* RightChatImageTableViewCell.swift */; };
		ED0ACF3A2369364A003CB440 /* RightChatImageTableViewCell.xib in Resources */ = {isa = PBXBuildFile; fileRef = ED0ACF382369364A003CB440 /* RightChatImageTableViewCell.xib */; };
		ED0E85C3234B1D6E005CD23C /* LoginViewController.swift in Sources */ = {isa = PBXBuildFile; fileRef = ED0E85C2234B1D6E005CD23C /* LoginViewController.swift */; };
		ED0E85C5234B1D79005CD23C /* RegisterViewController.swift in Sources */ = {isa = PBXBuildFile; fileRef = ED0E85C4234B1D79005CD23C /* RegisterViewController.swift */; };
		ED130FB6234C4A320009ACFD /* NewMessageTableViewController.swift in Sources */ = {isa = PBXBuildFile; fileRef = ED130FB5234C4A320009ACFD /* NewMessageTableViewController.swift */; };
		ED130FC1234C70C30009ACFD /* User.swift in Sources */ = {isa = PBXBuildFile; fileRef = ED130FC0234C70C30009ACFD /* User.swift */; };
		ED1BC37C2367FF5100508305 /* ChatAccessoryView.swift in Sources */ = {isa = PBXBuildFile; fileRef = ED1BC37B2367FF5100508305 /* ChatAccessoryView.swift */; };
		ED1BC37E2367FF6500508305 /* ChatAccessoryView.xib in Resources */ = {isa = PBXBuildFile; fileRef = ED1BC37D2367FF6500508305 /* ChatAccessoryView.xib */; };
		ED1BC381236800F700508305 /* NibLoadable.swift in Sources */ = {isa = PBXBuildFile; fileRef = ED1BC380236800F700508305 /* NibLoadable.swift */; };
		ED3F26CA23614BCD001EC4A1 /* RightChatTableViewCell.swift in Sources */ = {isa = PBXBuildFile; fileRef = ED3F26C823614BCD001EC4A1 /* RightChatTableViewCell.swift */; };
		ED3F26CB23614BCD001EC4A1 /* RightChatTableViewCell.xib in Resources */ = {isa = PBXBuildFile; fileRef = ED3F26C923614BCD001EC4A1 /* RightChatTableViewCell.xib */; };
		ED5F6DB9235568220091151D /* UIViewController.swift in Sources */ = {isa = PBXBuildFile; fileRef = ED5F6DB8235568220091151D /* UIViewController.swift */; };
		ED5F6DBB23558C640091151D /* ForgotPasswordViewController.swift in Sources */ = {isa = PBXBuildFile; fileRef = ED5F6DBA23558C640091151D /* ForgotPasswordViewController.swift */; };
		ED752A9223605577003CCC6B /* LeftChatTableViewCell.swift in Sources */ = {isa = PBXBuildFile; fileRef = ED752A9023605577003CCC6B /* LeftChatTableViewCell.swift */; };
		ED752A9323605577003CCC6B /* LeftChatTableViewCell.xib in Resources */ = {isa = PBXBuildFile; fileRef = ED752A9123605577003CCC6B /* LeftChatTableViewCell.xib */; };
		EDC289182354139D00A807CC /* ChatLogViewController.swift in Sources */ = {isa = PBXBuildFile; fileRef = EDC289172354139C00A807CC /* ChatLogViewController.swift */; };
		EDC2891A2354218400A807CC /* Chat.swift in Sources */ = {isa = PBXBuildFile; fileRef = EDC289192354218400A807CC /* Chat.swift */; };
		EDC2891D2354697000A807CC /* Constant.swift in Sources */ = {isa = PBXBuildFile; fileRef = EDC2891C2354697000A807CC /* Constant.swift */; };
		EDC2891F23546EDD00A807CC /* UIImageView.swift in Sources */ = {isa = PBXBuildFile; fileRef = EDC2891E23546EDD00A807CC /* UIImageView.swift */; };
		EDC28921235476A400A807CC /* RecentChatTableViewCell.swift in Sources */ = {isa = PBXBuildFile; fileRef = EDC28920235476A400A807CC /* RecentChatTableViewCell.swift */; };
		EDCA218C234AE67800CF6D77 /* AppDelegate.swift in Sources */ = {isa = PBXBuildFile; fileRef = EDCA218B234AE67800CF6D77 /* AppDelegate.swift */; };
		EDCA218E234AE67800CF6D77 /* SceneDelegate.swift in Sources */ = {isa = PBXBuildFile; fileRef = EDCA218D234AE67800CF6D77 /* SceneDelegate.swift */; };
		EDCA2193234AE67800CF6D77 /* Main.storyboard in Resources */ = {isa = PBXBuildFile; fileRef = EDCA2191234AE67800CF6D77 /* Main.storyboard */; };
		EDCA2195234AE67B00CF6D77 /* Assets.xcassets in Resources */ = {isa = PBXBuildFile; fileRef = EDCA2194234AE67B00CF6D77 /* Assets.xcassets */; };
		EDCA2198234AE67B00CF6D77 /* LaunchScreen.storyboard in Resources */ = {isa = PBXBuildFile; fileRef = EDCA2196234AE67B00CF6D77 /* LaunchScreen.storyboard */; };
		EDCA21A9234AECC800CF6D77 /* UIView.swift in Sources */ = {isa = PBXBuildFile; fileRef = EDCA21A8234AECC800CF6D77 /* UIView.swift */; };
		EDCA21AB234AFA8300CF6D77 /* GoogleService-Info.plist in Resources */ = {isa = PBXBuildFile; fileRef = EDCA21AA234AFA8300CF6D77 /* GoogleService-Info.plist */; };
		EDCEF2622350831A0086F226 /* HomeViewController.swift in Sources */ = {isa = PBXBuildFile; fileRef = EDCEF261235083190086F226 /* HomeViewController.swift */; };
		EDCEF2642350832A0086F226 /* NewMessageTableViewCell.swift in Sources */ = {isa = PBXBuildFile; fileRef = EDCEF2632350832A0086F226 /* NewMessageTableViewCell.swift */; };
		EDCEF269235083D30086F226 /* SDWebImage in Frameworks */ = {isa = PBXBuildFile; productRef = EDCEF268235083D30086F226 /* SDWebImage */; };
/* End PBXBuildFile section */

/* Begin PBXFileReference section */
		3D667A4D26B69650F34E3802 /* Pods-ChatApp.release.xcconfig */ = {isa = PBXFileReference; includeInIndex = 1; lastKnownFileType = text.xcconfig; name = "Pods-ChatApp.release.xcconfig"; path = "Target Support Files/Pods-ChatApp/Pods-ChatApp.release.xcconfig"; sourceTree = "<group>"; };
		6814806494D46628A9A84C43 /* Pods_ChatApp.framework */ = {isa = PBXFileReference; explicitFileType = wrapper.framework; includeInIndex = 0; path = Pods_ChatApp.framework; sourceTree = BUILT_PRODUCTS_DIR; };
		A4D509365C83F322797268E9 /* Pods-ChatApp.debug.xcconfig */ = {isa = PBXFileReference; includeInIndex = 1; lastKnownFileType = text.xcconfig; name = "Pods-ChatApp.debug.xcconfig"; path = "Target Support Files/Pods-ChatApp/Pods-ChatApp.debug.xcconfig"; sourceTree = "<group>"; };
		ED06D0E4234B39DB007AC3BF /* Storyboarded.swift */ = {isa = PBXFileReference; lastKnownFileType = sourcecode.swift; path = Storyboarded.swift; sourceTree = "<group>"; };
		ED0ACF31236935F2003CB440 /* LeftChatImageTableViewCell.swift */ = {isa = PBXFileReference; lastKnownFileType = sourcecode.swift; path = LeftChatImageTableViewCell.swift; sourceTree = "<group>"; };
		ED0ACF32236935F2003CB440 /* LeftChatImageTableViewCell.xib */ = {isa = PBXFileReference; lastKnownFileType = file.xib; path = LeftChatImageTableViewCell.xib; sourceTree = "<group>"; };
		ED0ACF372369364A003CB440 /* RightChatImageTableViewCell.swift */ = {isa = PBXFileReference; lastKnownFileType = sourcecode.swift; path = RightChatImageTableViewCell.swift; sourceTree = "<group>"; };
		ED0ACF382369364A003CB440 /* RightChatImageTableViewCell.xib */ = {isa = PBXFileReference; lastKnownFileType = file.xib; path = RightChatImageTableViewCell.xib; sourceTree = "<group>"; };
		ED0E85C2234B1D6E005CD23C /* LoginViewController.swift */ = {isa = PBXFileReference; lastKnownFileType = sourcecode.swift; path = LoginViewController.swift; sourceTree = "<group>"; };
		ED0E85C4234B1D79005CD23C /* RegisterViewController.swift */ = {isa = PBXFileReference; lastKnownFileType = sourcecode.swift; path = RegisterViewController.swift; sourceTree = "<group>"; };
		ED130FB5234C4A320009ACFD /* NewMessageTableViewController.swift */ = {isa = PBXFileReference; lastKnownFileType = sourcecode.swift; path = NewMessageTableViewController.swift; sourceTree = "<group>"; };
		ED130FC0234C70C30009ACFD /* User.swift */ = {isa = PBXFileReference; lastKnownFileType = sourcecode.swift; path = User.swift; sourceTree = "<group>"; };
		ED1BC37B2367FF5100508305 /* ChatAccessoryView.swift */ = {isa = PBXFileReference; lastKnownFileType = sourcecode.swift; path = ChatAccessoryView.swift; sourceTree = "<group>"; };
		ED1BC37D2367FF6500508305 /* ChatAccessoryView.xib */ = {isa = PBXFileReference; lastKnownFileType = file.xib; path = ChatAccessoryView.xib; sourceTree = "<group>"; };
		ED1BC380236800F700508305 /* NibLoadable.swift */ = {isa = PBXFileReference; lastKnownFileType = sourcecode.swift; path = NibLoadable.swift; sourceTree = "<group>"; };
		ED3F26C823614BCD001EC4A1 /* RightChatTableViewCell.swift */ = {isa = PBXFileReference; lastKnownFileType = sourcecode.swift; path = RightChatTableViewCell.swift; sourceTree = "<group>"; };
		ED3F26C923614BCD001EC4A1 /* RightChatTableViewCell.xib */ = {isa = PBXFileReference; lastKnownFileType = file.xib; path = RightChatTableViewCell.xib; sourceTree = "<group>"; };
		ED5F6DB8235568220091151D /* UIViewController.swift */ = {isa = PBXFileReference; lastKnownFileType = sourcecode.swift; path = UIViewController.swift; sourceTree = "<group>"; };
		ED5F6DBA23558C640091151D /* ForgotPasswordViewController.swift */ = {isa = PBXFileReference; lastKnownFileType = sourcecode.swift; path = ForgotPasswordViewController.swift; sourceTree = "<group>"; };
		ED752A9023605577003CCC6B /* LeftChatTableViewCell.swift */ = {isa = PBXFileReference; lastKnownFileType = sourcecode.swift; path = LeftChatTableViewCell.swift; sourceTree = "<group>"; };
		ED752A9123605577003CCC6B /* LeftChatTableViewCell.xib */ = {isa = PBXFileReference; lastKnownFileType = file.xib; path = LeftChatTableViewCell.xib; sourceTree = "<group>"; };
		EDC289172354139C00A807CC /* ChatLogViewController.swift */ = {isa = PBXFileReference; lastKnownFileType = sourcecode.swift; path = ChatLogViewController.swift; sourceTree = "<group>"; };
		EDC289192354218400A807CC /* Chat.swift */ = {isa = PBXFileReference; lastKnownFileType = sourcecode.swift; path = Chat.swift; sourceTree = "<group>"; };
		EDC2891C2354697000A807CC /* Constant.swift */ = {isa = PBXFileReference; lastKnownFileType = sourcecode.swift; path = Constant.swift; sourceTree = "<group>"; };
		EDC2891E23546EDD00A807CC /* UIImageView.swift */ = {isa = PBXFileReference; lastKnownFileType = sourcecode.swift; path = UIImageView.swift; sourceTree = "<group>"; };
		EDC28920235476A400A807CC /* RecentChatTableViewCell.swift */ = {isa = PBXFileReference; lastKnownFileType = sourcecode.swift; path = RecentChatTableViewCell.swift; sourceTree = "<group>"; };
		EDCA2188234AE67800CF6D77 /* ChatApp.app */ = {isa = PBXFileReference; explicitFileType = wrapper.application; includeInIndex = 0; path = ChatApp.app; sourceTree = BUILT_PRODUCTS_DIR; };
		EDCA218B234AE67800CF6D77 /* AppDelegate.swift */ = {isa = PBXFileReference; lastKnownFileType = sourcecode.swift; path = AppDelegate.swift; sourceTree = "<group>"; };
		EDCA218D234AE67800CF6D77 /* SceneDelegate.swift */ = {isa = PBXFileReference; lastKnownFileType = sourcecode.swift; path = SceneDelegate.swift; sourceTree = "<group>"; };
		EDCA2192234AE67800CF6D77 /* Base */ = {isa = PBXFileReference; lastKnownFileType = file.storyboard; name = Base; path = Base.lproj/Main.storyboard; sourceTree = "<group>"; };
		EDCA2194234AE67B00CF6D77 /* Assets.xcassets */ = {isa = PBXFileReference; lastKnownFileType = folder.assetcatalog; path = Assets.xcassets; sourceTree = "<group>"; };
		EDCA2197234AE67B00CF6D77 /* Base */ = {isa = PBXFileReference; lastKnownFileType = file.storyboard; name = Base; path = Base.lproj/LaunchScreen.storyboard; sourceTree = "<group>"; };
		EDCA2199234AE67B00CF6D77 /* Info.plist */ = {isa = PBXFileReference; lastKnownFileType = text.plist.xml; path = Info.plist; sourceTree = "<group>"; };
		EDCA21A8234AECC800CF6D77 /* UIView.swift */ = {isa = PBXFileReference; lastKnownFileType = sourcecode.swift; path = UIView.swift; sourceTree = "<group>"; };
		EDCA21AA234AFA8300CF6D77 /* GoogleService-Info.plist */ = {isa = PBXFileReference; fileEncoding = 4; lastKnownFileType = text.plist.xml; path = "GoogleService-Info.plist"; sourceTree = "<group>"; };
		EDCEF261235083190086F226 /* HomeViewController.swift */ = {isa = PBXFileReference; fileEncoding = 4; lastKnownFileType = sourcecode.swift; path = HomeViewController.swift; sourceTree = "<group>"; };
		EDCEF2632350832A0086F226 /* NewMessageTableViewCell.swift */ = {isa = PBXFileReference; fileEncoding = 4; lastKnownFileType = sourcecode.swift; path = NewMessageTableViewCell.swift; sourceTree = "<group>"; };
/* End PBXFileReference section */

/* Begin PBXFrameworksBuildPhase section */
		EDCA2185234AE67800CF6D77 /* Frameworks */ = {
			isa = PBXFrameworksBuildPhase;
			buildActionMask = 2147483647;
			files = (
				EDCEF269235083D30086F226 /* SDWebImage in Frameworks */,
				DE24E2FA045EAC78814F2379 /* Pods_ChatApp.framework in Frameworks */,
			);
			runOnlyForDeploymentPostprocessing = 0;
		};
/* End PBXFrameworksBuildPhase section */

/* Begin PBXGroup section */
		2DF6CB2AEE8A2CDB30BD0F49 /* Frameworks */ = {
			isa = PBXGroup;
			children = (
				6814806494D46628A9A84C43 /* Pods_ChatApp.framework */,
			);
			name = Frameworks;
			sourceTree = "<group>";
		};
		9514E376ED852F72CDF025BB /* Pods */ = {
			isa = PBXGroup;
			children = (
				A4D509365C83F322797268E9 /* Pods-ChatApp.debug.xcconfig */,
				3D667A4D26B69650F34E3802 /* Pods-ChatApp.release.xcconfig */,
			);
			path = Pods;
			sourceTree = "<group>";
		};
		ED1BC37A2367FEA700508305 /* Chat Accessory View */ = {
			isa = PBXGroup;
			children = (
				ED1BC37B2367FF5100508305 /* ChatAccessoryView.swift */,
				ED1BC37D2367FF6500508305 /* ChatAccessoryView.xib */,
			);
			path = "Chat Accessory View";
			sourceTree = "<group>";
		};
		ED1BC37F2368009700508305 /* Protocols */ = {
			isa = PBXGroup;
			children = (
				ED06D0E4234B39DB007AC3BF /* Storyboarded.swift */,
				ED1BC380236800F700508305 /* NibLoadable.swift */,
			);
			path = Protocols;
			sourceTree = "<group>";
		};
		ED752A8D236054F4003CCC6B /* Chat Log */ = {
			isa = PBXGroup;
			children = (
				ED752A9023605577003CCC6B /* LeftChatTableViewCell.swift */,
				ED752A9123605577003CCC6B /* LeftChatTableViewCell.xib */,
				ED3F26C823614BCD001EC4A1 /* RightChatTableViewCell.swift */,
				ED3F26C923614BCD001EC4A1 /* RightChatTableViewCell.xib */,
				ED0ACF31236935F2003CB440 /* LeftChatImageTableViewCell.swift */,
				ED0ACF32236935F2003CB440 /* LeftChatImageTableViewCell.xib */,
				ED0ACF372369364A003CB440 /* RightChatImageTableViewCell.swift */,
				ED0ACF382369364A003CB440 /* RightChatImageTableViewCell.xib */,
			);
			path = "Chat Log";
			sourceTree = "<group>";
		};
		EDC2891B2354691500A807CC /* Constant */ = {
			isa = PBXGroup;
			children = (
				EDC2891C2354697000A807CC /* Constant.swift */,
			);
			path = Constant;
			sourceTree = "<group>";
		};
		EDCA217F234AE67800CF6D77 = {
			isa = PBXGroup;
			children = (
				EDCA218A234AE67800CF6D77 /* ChatApp */,
				EDCA2189234AE67800CF6D77 /* Products */,
				9514E376ED852F72CDF025BB /* Pods */,
				2DF6CB2AEE8A2CDB30BD0F49 /* Frameworks */,
			);
			sourceTree = "<group>";
		};
		EDCA2189234AE67800CF6D77 /* Products */ = {
			isa = PBXGroup;
			children = (
				EDCA2188234AE67800CF6D77 /* ChatApp.app */,
			);
			name = Products;
			sourceTree = "<group>";
		};
		EDCA218A234AE67800CF6D77 /* ChatApp */ = {
			isa = PBXGroup;
			children = (
				EDCA21A1234AE97700CF6D77 /* Supporting Files */,
				EDCA21A0234AE96E00CF6D77 /* Config */,
				EDCA219F234AE96700CF6D77 /* App */,
			);
			path = ChatApp;
			sourceTree = "<group>";
		};
		EDCA219F234AE96700CF6D77 /* App */ = {
			isa = PBXGroup;
			children = (
				ED1BC37F2368009700508305 /* Protocols */,
				EDC2891B2354691500A807CC /* Constant */,
				EDCA21A7234AECB600CF6D77 /* Extensions */,
				EDCA21A5234AE9D900CF6D77 /* Views */,
				EDCA21A4234AE9CE00CF6D77 /* Models */,
				EDCA21A3234AE9B000CF6D77 /* Controllers */,
				EDCA21A2234AE9A400CF6D77 /* Assets */,
			);
			path = App;
			sourceTree = "<group>";
		};
		EDCA21A0234AE96E00CF6D77 /* Config */ = {
			isa = PBXGroup;
			children = (
				EDCA218D234AE67800CF6D77 /* SceneDelegate.swift */,
				EDCA218B234AE67800CF6D77 /* AppDelegate.swift */,
			);
			path = Config;
			sourceTree = "<group>";
		};
		EDCA21A1234AE97700CF6D77 /* Supporting Files */ = {
			isa = PBXGroup;
			children = (
				EDCA21AA234AFA8300CF6D77 /* GoogleService-Info.plist */,
				EDCA2199234AE67B00CF6D77 /* Info.plist */,
			);
			path = "Supporting Files";
			sourceTree = "<group>";
		};
		EDCA21A2234AE9A400CF6D77 /* Assets */ = {
			isa = PBXGroup;
			children = (
				EDCA2194234AE67B00CF6D77 /* Assets.xcassets */,
			);
			path = Assets;
			sourceTree = "<group>";
		};
		EDCA21A3234AE9B000CF6D77 /* Controllers */ = {
			isa = PBXGroup;
			children = (
				EDCEF261235083190086F226 /* HomeViewController.swift */,
				ED0E85C2234B1D6E005CD23C /* LoginViewController.swift */,
				ED0E85C4234B1D79005CD23C /* RegisterViewController.swift */,
				ED130FB5234C4A320009ACFD /* NewMessageTableViewController.swift */,
				EDC289172354139C00A807CC /* ChatLogViewController.swift */,
				ED5F6DBA23558C640091151D /* ForgotPasswordViewController.swift */,
			);
			path = Controllers;
			sourceTree = "<group>";
		};
		EDCA21A4234AE9CE00CF6D77 /* Models */ = {
			isa = PBXGroup;
			children = (
				ED130FC0234C70C30009ACFD /* User.swift */,
				EDC289192354218400A807CC /* Chat.swift */,
			);
			path = Models;
			sourceTree = "<group>";
		};
		EDCA21A5234AE9D900CF6D77 /* Views */ = {
			isa = PBXGroup;
			children = (
				ED1BC37A2367FEA700508305 /* Chat Accessory View */,
				ED752A8D236054F4003CCC6B /* Chat Log */,
				EDCEF2632350832A0086F226 /* NewMessageTableViewCell.swift */,
				EDC28920235476A400A807CC /* RecentChatTableViewCell.swift */,
				EDCA2191234AE67800CF6D77 /* Main.storyboard */,
				EDCA2196234AE67B00CF6D77 /* LaunchScreen.storyboard */,
			);
			path = Views;
			sourceTree = "<group>";
		};
		EDCA21A7234AECB600CF6D77 /* Extensions */ = {
			isa = PBXGroup;
			children = (
				EDCA21A8234AECC800CF6D77 /* UIView.swift */,
				EDC2891E23546EDD00A807CC /* UIImageView.swift */,
				ED5F6DB8235568220091151D /* UIViewController.swift */,
			);
			path = Extensions;
			sourceTree = "<group>";
		};
/* End PBXGroup section */

/* Begin PBXNativeTarget section */
		EDCA2187234AE67800CF6D77 /* ChatApp */ = {
			isa = PBXNativeTarget;
			buildConfigurationList = EDCA219C234AE67B00CF6D77 /* Build configuration list for PBXNativeTarget "ChatApp" */;
			buildPhases = (
				B010BD7995A705310CB8D7B4 /* [CP] Check Pods Manifest.lock */,
				EDCA2184234AE67800CF6D77 /* Sources */,
				EDCA2185234AE67800CF6D77 /* Frameworks */,
				EDCA2186234AE67800CF6D77 /* Resources */,
				EC05838E1BA196350DFE0B4E /* [CP] Embed Pods Frameworks */,
			);
			buildRules = (
			);
			dependencies = (
			);
			name = ChatApp;
			packageProductDependencies = (
				EDCEF268235083D30086F226 /* SDWebImage */,
			);
			productName = ChatApp;
			productReference = EDCA2188234AE67800CF6D77 /* ChatApp.app */;
			productType = "com.apple.product-type.application";
		};
/* End PBXNativeTarget section */

/* Begin PBXProject section */
		EDCA2180234AE67800CF6D77 /* Project object */ = {
			isa = PBXProject;
			attributes = {
				LastSwiftUpdateCheck = 1100;
				LastUpgradeCheck = 1100;
				ORGANIZATIONNAME = "Faiz Ikhwan";
				TargetAttributes = {
					EDCA2187234AE67800CF6D77 = {
						CreatedOnToolsVersion = 11.0;
					};
				};
			};
			buildConfigurationList = EDCA2183234AE67800CF6D77 /* Build configuration list for PBXProject "ChatApp" */;
			compatibilityVersion = "Xcode 9.3";
			developmentRegion = en;
			hasScannedForEncodings = 0;
			knownRegions = (
				en,
				Base,
			);
			mainGroup = EDCA217F234AE67800CF6D77;
			packageReferences = (
				EDCEF267235083D30086F226 /* XCRemoteSwiftPackageReference "SDWebImage" */,
			);
			productRefGroup = EDCA2189234AE67800CF6D77 /* Products */;
			projectDirPath = "";
			projectRoot = "";
			targets = (
				EDCA2187234AE67800CF6D77 /* ChatApp */,
			);
		};
/* End PBXProject section */

/* Begin PBXResourcesBuildPhase section */
		EDCA2186234AE67800CF6D77 /* Resources */ = {
			isa = PBXResourcesBuildPhase;
			buildActionMask = 2147483647;
			files = (
				ED0ACF34236935F2003CB440 /* LeftChatImageTableViewCell.xib in Resources */,
				EDCA2198234AE67B00CF6D77 /* LaunchScreen.storyboard in Resources */,
				EDCA21AB234AFA8300CF6D77 /* GoogleService-Info.plist in Resources */,
				ED3F26CB23614BCD001EC4A1 /* RightChatTableViewCell.xib in Resources */,
				EDCA2195234AE67B00CF6D77 /* Assets.xcassets in Resources */,
				EDCA2193234AE67800CF6D77 /* Main.storyboard in Resources */,
				ED1BC37E2367FF6500508305 /* ChatAccessoryView.xib in Resources */,
				ED752A9323605577003CCC6B /* LeftChatTableViewCell.xib in Resources */,
				ED0ACF3A2369364A003CB440 /* RightChatImageTableViewCell.xib in Resources */,
			);
			runOnlyForDeploymentPostprocessing = 0;
		};
/* End PBXResourcesBuildPhase section */

/* Begin PBXShellScriptBuildPhase section */
		B010BD7995A705310CB8D7B4 /* [CP] Check Pods Manifest.lock */ = {
			isa = PBXShellScriptBuildPhase;
			buildActionMask = 2147483647;
			files = (
			);
			inputFileListPaths = (
			);
			inputPaths = (
				"${PODS_PODFILE_DIR_PATH}/Podfile.lock",
				"${PODS_ROOT}/Manifest.lock",
			);
			name = "[CP] Check Pods Manifest.lock";
			outputFileListPaths = (
			);
			outputPaths = (
				"$(DERIVED_FILE_DIR)/Pods-ChatApp-checkManifestLockResult.txt",
			);
			runOnlyForDeploymentPostprocessing = 0;
			shellPath = /bin/sh;
			shellScript = "diff \"${PODS_PODFILE_DIR_PATH}/Podfile.lock\" \"${PODS_ROOT}/Manifest.lock\" > /dev/null\nif [ $? != 0 ] ; then\n    # print error to STDERR\n    echo \"error: The sandbox is not in sync with the Podfile.lock. Run 'pod install' or update your CocoaPods installation.\" >&2\n    exit 1\nfi\n# This output is used by Xcode 'outputs' to avoid re-running this script phase.\necho \"SUCCESS\" > \"${SCRIPT_OUTPUT_FILE_0}\"\n";
			showEnvVarsInLog = 0;
		};
		EC05838E1BA196350DFE0B4E /* [CP] Embed Pods Frameworks */ = {
			isa = PBXShellScriptBuildPhase;
			buildActionMask = 2147483647;
			files = (
			);
			inputFileListPaths = (
				"${PODS_ROOT}/Target Support Files/Pods-ChatApp/Pods-ChatApp-frameworks-${CONFIGURATION}-input-files.xcfilelist",
			);
			name = "[CP] Embed Pods Frameworks";
			outputFileListPaths = (
				"${PODS_ROOT}/Target Support Files/Pods-ChatApp/Pods-ChatApp-frameworks-${CONFIGURATION}-output-files.xcfilelist",
			);
			runOnlyForDeploymentPostprocessing = 0;
			shellPath = /bin/sh;
			shellScript = "\"${PODS_ROOT}/Target Support Files/Pods-ChatApp/Pods-ChatApp-frameworks.sh\"\n";
			showEnvVarsInLog = 0;
		};
/* End PBXShellScriptBuildPhase section */

/* Begin PBXSourcesBuildPhase section */
		EDCA2184234AE67800CF6D77 /* Sources */ = {
			isa = PBXSourcesBuildPhase;
			buildActionMask = 2147483647;
			files = (
				EDCA21A9234AECC800CF6D77 /* UIView.swift in Sources */,
				EDC2891A2354218400A807CC /* Chat.swift in Sources */,
				EDC2891F23546EDD00A807CC /* UIImageView.swift in Sources */,
				EDCA218C234AE67800CF6D77 /* AppDelegate.swift in Sources */,
				ED0E85C5234B1D79005CD23C /* RegisterViewController.swift in Sources */,
				ED1BC37C2367FF5100508305 /* ChatAccessoryView.swift in Sources */,
				EDC28921235476A400A807CC /* RecentChatTableViewCell.swift in Sources */,
				ED0E85C3234B1D6E005CD23C /* LoginViewController.swift in Sources */,
				EDCEF2642350832A0086F226 /* NewMessageTableViewCell.swift in Sources */,
				ED1BC381236800F700508305 /* NibLoadable.swift in Sources */,
				ED0ACF33236935F2003CB440 /* LeftChatImageTableViewCell.swift in Sources */,
				ED130FB6234C4A320009ACFD /* NewMessageTableViewController.swift in Sources */,
				ED3F26CA23614BCD001EC4A1 /* RightChatTableViewCell.swift in Sources */,
				EDCEF2622350831A0086F226 /* HomeViewController.swift in Sources */,
				ED0ACF392369364A003CB440 /* RightChatImageTableViewCell.swift in Sources */,
				EDC289182354139D00A807CC /* ChatLogViewController.swift in Sources */,
				ED5F6DBB23558C640091151D /* ForgotPasswordViewController.swift in Sources */,
				EDC2891D2354697000A807CC /* Constant.swift in Sources */,
				EDCA218E234AE67800CF6D77 /* SceneDelegate.swift in Sources */,
				ED752A9223605577003CCC6B /* LeftChatTableViewCell.swift in Sources */,
				ED130FC1234C70C30009ACFD /* User.swift in Sources */,
				ED5F6DB9235568220091151D /* UIViewController.swift in Sources */,
				ED06D0E5234B39DB007AC3BF /* Storyboarded.swift in Sources */,
			);
			runOnlyForDeploymentPostprocessing = 0;
		};
/* End PBXSourcesBuildPhase section */

/* Begin PBXVariantGroup section */
		EDCA2191234AE67800CF6D77 /* Main.storyboard */ = {
			isa = PBXVariantGroup;
			children = (
				EDCA2192234AE67800CF6D77 /* Base */,
			);
			name = Main.storyboard;
			sourceTree = "<group>";
		};
		EDCA2196234AE67B00CF6D77 /* LaunchScreen.storyboard */ = {
			isa = PBXVariantGroup;
			children = (
				EDCA2197234AE67B00CF6D77 /* Base */,
			);
			name = LaunchScreen.storyboard;
			sourceTree = "<group>";
		};
/* End PBXVariantGroup section */

/* Begin XCBuildConfiguration section */
		EDCA219A234AE67B00CF6D77 /* Debug */ = {
			isa = XCBuildConfiguration;
			buildSettings = {
				ALWAYS_SEARCH_USER_PATHS = NO;
				CLANG_ANALYZER_NONNULL = YES;
				CLANG_ANALYZER_NUMBER_OBJECT_CONVERSION = YES_AGGRESSIVE;
				CLANG_CXX_LANGUAGE_STANDARD = "gnu++14";
				CLANG_CXX_LIBRARY = "libc++";
				CLANG_ENABLE_MODULES = YES;
				CLANG_ENABLE_OBJC_ARC = YES;
				CLANG_ENABLE_OBJC_WEAK = YES;
				CLANG_WARN_BLOCK_CAPTURE_AUTORELEASING = YES;
				CLANG_WARN_BOOL_CONVERSION = YES;
				CLANG_WARN_COMMA = YES;
				CLANG_WARN_CONSTANT_CONVERSION = YES;
				CLANG_WARN_DEPRECATED_OBJC_IMPLEMENTATIONS = YES;
				CLANG_WARN_DIRECT_OBJC_ISA_USAGE = YES_ERROR;
				CLANG_WARN_DOCUMENTATION_COMMENTS = YES;
				CLANG_WARN_EMPTY_BODY = YES;
				CLANG_WARN_ENUM_CONVERSION = YES;
				CLANG_WARN_INFINITE_RECURSION = YES;
				CLANG_WARN_INT_CONVERSION = YES;
				CLANG_WARN_NON_LITERAL_NULL_CONVERSION = YES;
				CLANG_WARN_OBJC_IMPLICIT_RETAIN_SELF = YES;
				CLANG_WARN_OBJC_LITERAL_CONVERSION = YES;
				CLANG_WARN_OBJC_ROOT_CLASS = YES_ERROR;
				CLANG_WARN_RANGE_LOOP_ANALYSIS = YES;
				CLANG_WARN_STRICT_PROTOTYPES = YES;
				CLANG_WARN_SUSPICIOUS_MOVE = YES;
				CLANG_WARN_UNGUARDED_AVAILABILITY = YES_AGGRESSIVE;
				CLANG_WARN_UNREACHABLE_CODE = YES;
				CLANG_WARN__DUPLICATE_METHOD_MATCH = YES;
				COPY_PHASE_STRIP = NO;
				DEBUG_INFORMATION_FORMAT = dwarf;
				ENABLE_STRICT_OBJC_MSGSEND = YES;
				ENABLE_TESTABILITY = YES;
				GCC_C_LANGUAGE_STANDARD = gnu11;
				GCC_DYNAMIC_NO_PIC = NO;
				GCC_NO_COMMON_BLOCKS = YES;
				GCC_OPTIMIZATION_LEVEL = 0;
				GCC_PREPROCESSOR_DEFINITIONS = (
					"DEBUG=1",
					"$(inherited)",
				);
				GCC_WARN_64_TO_32_BIT_CONVERSION = YES;
				GCC_WARN_ABOUT_RETURN_TYPE = YES_ERROR;
				GCC_WARN_UNDECLARED_SELECTOR = YES;
				GCC_WARN_UNINITIALIZED_AUTOS = YES_AGGRESSIVE;
				GCC_WARN_UNUSED_FUNCTION = YES;
				GCC_WARN_UNUSED_VARIABLE = YES;
				IPHONEOS_DEPLOYMENT_TARGET = 13.0;
				MTL_ENABLE_DEBUG_INFO = INCLUDE_SOURCE;
				MTL_FAST_MATH = YES;
				ONLY_ACTIVE_ARCH = YES;
				SDKROOT = iphoneos;
				SWIFT_ACTIVE_COMPILATION_CONDITIONS = DEBUG;
				SWIFT_OPTIMIZATION_LEVEL = "-Onone";
			};
			name = Debug;
		};
		EDCA219B234AE67B00CF6D77 /* Release */ = {
			isa = XCBuildConfiguration;
			buildSettings = {
				ALWAYS_SEARCH_USER_PATHS = NO;
				CLANG_ANALYZER_NONNULL = YES;
				CLANG_ANALYZER_NUMBER_OBJECT_CONVERSION = YES_AGGRESSIVE;
				CLANG_CXX_LANGUAGE_STANDARD = "gnu++14";
				CLANG_CXX_LIBRARY = "libc++";
				CLANG_ENABLE_MODULES = YES;
				CLANG_ENABLE_OBJC_ARC = YES;
				CLANG_ENABLE_OBJC_WEAK = YES;
				CLANG_WARN_BLOCK_CAPTURE_AUTORELEASING = YES;
				CLANG_WARN_BOOL_CONVERSION = YES;
				CLANG_WARN_COMMA = YES;
				CLANG_WARN_CONSTANT_CONVERSION = YES;
				CLANG_WARN_DEPRECATED_OBJC_IMPLEMENTATIONS = YES;
				CLANG_WARN_DIRECT_OBJC_ISA_USAGE = YES_ERROR;
				CLANG_WARN_DOCUMENTATION_COMMENTS = YES;
				CLANG_WARN_EMPTY_BODY = YES;
				CLANG_WARN_ENUM_CONVERSION = YES;
				CLANG_WARN_INFINITE_RECURSION = YES;
				CLANG_WARN_INT_CONVERSION = YES;
				CLANG_WARN_NON_LITERAL_NULL_CONVERSION = YES;
				CLANG_WARN_OBJC_IMPLICIT_RETAIN_SELF = YES;
				CLANG_WARN_OBJC_LITERAL_CONVERSION = YES;
				CLANG_WARN_OBJC_ROOT_CLASS = YES_ERROR;
				CLANG_WARN_RANGE_LOOP_ANALYSIS = YES;
				CLANG_WARN_STRICT_PROTOTYPES = YES;
				CLANG_WARN_SUSPICIOUS_MOVE = YES;
				CLANG_WARN_UNGUARDED_AVAILABILITY = YES_AGGRESSIVE;
				CLANG_WARN_UNREACHABLE_CODE = YES;
				CLANG_WARN__DUPLICATE_METHOD_MATCH = YES;
				COPY_PHASE_STRIP = NO;
				DEBUG_INFORMATION_FORMAT = "dwarf-with-dsym";
				ENABLE_NS_ASSERTIONS = NO;
				ENABLE_STRICT_OBJC_MSGSEND = YES;
				GCC_C_LANGUAGE_STANDARD = gnu11;
				GCC_NO_COMMON_BLOCKS = YES;
				GCC_WARN_64_TO_32_BIT_CONVERSION = YES;
				GCC_WARN_ABOUT_RETURN_TYPE = YES_ERROR;
				GCC_WARN_UNDECLARED_SELECTOR = YES;
				GCC_WARN_UNINITIALIZED_AUTOS = YES_AGGRESSIVE;
				GCC_WARN_UNUSED_FUNCTION = YES;
				GCC_WARN_UNUSED_VARIABLE = YES;
				IPHONEOS_DEPLOYMENT_TARGET = 13.0;
				MTL_ENABLE_DEBUG_INFO = NO;
				MTL_FAST_MATH = YES;
				SDKROOT = iphoneos;
				SWIFT_COMPILATION_MODE = wholemodule;
				SWIFT_OPTIMIZATION_LEVEL = "-O";
				VALIDATE_PRODUCT = YES;
			};
			name = Release;
		};
		EDCA219D234AE67B00CF6D77 /* Debug */ = {
			isa = XCBuildConfiguration;
			baseConfigurationReference = A4D509365C83F322797268E9 /* Pods-ChatApp.debug.xcconfig */;
			buildSettings = {
				ASSETCATALOG_COMPILER_APPICON_NAME = AppIcon;
				CODE_SIGN_STYLE = Automatic;
				DEVELOPMENT_TEAM = C8C5YY57VR;
				INFOPLIST_FILE = "ChatApp/Supporting Files/Info.plist";
				LD_RUNPATH_SEARCH_PATHS = (
					"$(inherited)",
					"@executable_path/Frameworks",
				);
				PRODUCT_BUNDLE_IDENTIFIER = com.faizikhwan.ChatApp;
				PRODUCT_NAME = "$(TARGET_NAME)";
				SWIFT_VERSION = 5.0;
				TARGETED_DEVICE_FAMILY = "1,2";
			};
			name = Debug;
		};
		EDCA219E234AE67B00CF6D77 /* Release */ = {
			isa = XCBuildConfiguration;
			baseConfigurationReference = 3D667A4D26B69650F34E3802 /* Pods-ChatApp.release.xcconfig */;
			buildSettings = {
				ASSETCATALOG_COMPILER_APPICON_NAME = AppIcon;
				CODE_SIGN_STYLE = Automatic;
				DEVELOPMENT_TEAM = C8C5YY57VR;
				INFOPLIST_FILE = "ChatApp/Supporting Files/Info.plist";
				LD_RUNPATH_SEARCH_PATHS = (
					"$(inherited)",
					"@executable_path/Frameworks",
				);
				PRODUCT_BUNDLE_IDENTIFIER = com.faizikhwan.ChatApp;
				PRODUCT_NAME = "$(TARGET_NAME)";
				SWIFT_VERSION = 5.0;
				TARGETED_DEVICE_FAMILY = "1,2";
			};
			name = Release;
		};
/* End XCBuildConfiguration section */

/* Begin XCConfigurationList section */
		EDCA2183234AE67800CF6D77 /* Build configuration list for PBXProject "ChatApp" */ = {
			isa = XCConfigurationList;
			buildConfigurations = (
				EDCA219A234AE67B00CF6D77 /* Debug */,
				EDCA219B234AE67B00CF6D77 /* Release */,
			);
			defaultConfigurationIsVisible = 0;
			defaultConfigurationName = Release;
		};
		EDCA219C234AE67B00CF6D77 /* Build configuration list for PBXNativeTarget "ChatApp" */ = {
			isa = XCConfigurationList;
			buildConfigurations = (
				EDCA219D234AE67B00CF6D77 /* Debug */,
				EDCA219E234AE67B00CF6D77 /* Release */,
			);
			defaultConfigurationIsVisible = 0;
			defaultConfigurationName = Release;
		};
/* End XCConfigurationList section */

/* Begin XCRemoteSwiftPackageReference section */
		EDCEF267235083D30086F226 /* XCRemoteSwiftPackageReference "SDWebImage" */ = {
			isa = XCRemoteSwiftPackageReference;
			repositoryURL = "https://github.com/SDWebImage/SDWebImage";
			requirement = {
				kind = upToNextMajorVersion;
				minimumVersion = 5.2.3;
			};
		};
/* End XCRemoteSwiftPackageReference section */

/* Begin XCSwiftPackageProductDependency section */
		EDCEF268235083D30086F226 /* SDWebImage */ = {
			isa = XCSwiftPackageProductDependency;
			package = EDCEF267235083D30086F226 /* XCRemoteSwiftPackageReference "SDWebImage" */;
			productName = SDWebImage;
		};
/* End XCSwiftPackageProductDependency section */
	};
	rootObject = EDCA2180234AE67800CF6D77 /* Project object */;
}
